{
  "name": "simple-http-server-benchmark",
  "lockfileVersion": 3,
  "requires": true,
  "packages": {
    "": {
      "name": "simple-http-server-benchmark",
      "devDependencies": {
        "@faker-js/faker": "^8.3.1",
        "@types/bun": "latest"
      },
      "peerDependencies": {
        "typescript": "^5"
      }
    },
    "node_modules/@faker-js/faker": {
      "version": "8.4.1",
      "dev": true,
      "funding": [
        {
          "type": "opencollective",
          "url": "https://opencollective.com/fakerjs"
        }
      ],
      "license": "MIT",
      "engines": {
        "node": "^14.17.0 || ^16.13.0 || >=18.0.0",
        "npm": ">=6.14.13"
      }
    },
    "node_modules/@types/bun": {
      "version": "1.2.13",
      "resolved": "https://registry.npmjs.org/@types/bun/-/bun-1.2.13.tgz",
      "integrity": "sha512-u6vXep/i9VBxoJl3GjZsl/BFIsvML8DfVDO0RYLEwtSZSp981kEO1V5NwRcO1CPJ7AmvpbnDCiMKo3JvbDEjAg==",
      "dev": true,
      "license": "MIT",
      "dependencies": {
        "bun-types": "1.2.13"
      }
    },
    "node_modules/@types/node": {
      "version": "22.15.19",
      "dev": true,
      "license": "MIT",
      "dependencies": {
        "undici-types": "~6.21.0"
      }
    },
    "node_modules/bun-types": {
      "version": "1.2.13",
      "dev": true,
      "license": "MIT",
      "dependencies": {
        "@types/node": "*"
      }
    },
    "node_modules/sqlite": {
      "version": "5.1.1",
      "resolved": "https://registry.npmjs.org/sqlite/-/sqlite-5.1.1.tgz",
      "integrity": "sha512-oBkezXa2hnkfuJwUo44Hl9hS3er+YFtueifoajrgidvqsJRQFpc5fKoAkAor1O5ZnLoa28GBScfHXs8j0K358Q==",
      "license": "MIT"
    },
    "node_modules/typescript": {
      "version": "5.8.3",
      "license": "Apache-2.0",
      "peer": true,
      "bin": {
        "tsc": "bin/tsc",
        "tsserver": "bin/tsserver"
      },
      "engines": {
        "node": ">=14.17"
      }
    },
    "node_modules/undici-types": {
      "version": "6.21.0",
      "dev": true,
      "license": "MIT"
    }
  }
}
